
Microsoft Visual Studio Solution File, Format Version 12.00
# Visual Studio Version 17
VisualStudioVersion = 17.10.35122.118
MinimumVisualStudioVersion = 10.0.40219.1
Project("{9A19103F-16F7-4668-BE54-9A1E7A4F7556}") = "OOP_lab1_2", "OOP_lab1_2\OOP_lab1_2.csproj", "{090F9DD6-ADC9-461F-BE17-DD0E08F34E41}"
EndProject
Project("{FAE04EC0-301F-11D3-BF4B-00C04F79EFBC}") = "TestTCircle", "TestTCircle\TestTCircle.csproj", "{C6C9AC5D-3C46-4D5D-80A4-63D7CB8B35F9}"
EndProject
Global
	GlobalSection(SolutionConfigurationPlatforms) = preSolution
		Debug|Any CPU = Debug|Any CPU
		Release|Any CPU = Release|Any CPU
	EndGlobalSection
	GlobalSection(ProjectConfigurationPlatforms) = postSolution
		{090F9DD6-ADC9-461F-BE17-DD0E08F34E41}.Debug|Any CPU.ActiveCfg = Debug|Any CPU
		{090F9DD6-ADC9-461F-BE17-DD0E08F34E41}.Debug|Any CPU.Build.0 = Debug|Any CPU
		{090F9DD6-ADC9-461F-BE17-DD0E08F34E41}.Release|Any CPU.ActiveCfg = Release|Any CPU
		{090F9DD6-ADC9-461F-BE17-DD0E08F34E41}.Release|Any CPU.Build.0 = Release|Any CPU
		{C6C9AC5D-3C46-4D5D-80A4-63D7CB8B35F9}.Debug|Any CPU.ActiveCfg = Debug|Any CPU
		{C6C9AC5D-3C46-4D5D-80A4-63D7CB8B35F9}.Debug|Any CPU.Build.0 = Debug|Any CPU
		{C6C9AC5D-3C46-4D5D-80A4-63D7CB8B35F9}.Release|Any CPU.ActiveCfg = Release|Any CPU
		{C6C9AC5D-3C46-4D5D-80A4-63D7CB8B35F9}.Release|Any CPU.Build.0 = Release|Any CPU
	EndGlobalSection
	GlobalSection(SolutionProperties) = preSolution
		HideSolutionNode = FALSE
	EndGlobalSection
	GlobalSection(ExtensibilityGlobals) = postSolution
		SolutionGuid = {1CAE5611-3CE3-489E-9E5C-C392FF25E5CF}
	EndGlobalSection
EndGlobal
